// !$*UTF8*$!
{
	archiveVersion = 1;
	classes = {
	};
	objectVersion = 56;
	objects = {

/* Begin PBXBuildFile section */
		150DD5BF2C550C8E003442A7 /* SignUpViewController.swift in Sources */ = {isa = PBXBuildFile; fileRef = 150DD5BE2C550C8E003442A7 /* SignUpViewController.swift */; };
		15188E682C708933002EB21A /* FriendSearchViewController.swift in Sources */ = {isa = PBXBuildFile; fileRef = 15188E672C708933002EB21A /* FriendSearchViewController.swift */; };
		15289FD72C569E8B00B1A474 /* MTButton.swift in Sources */ = {isa = PBXBuildFile; fileRef = 15289FD62C569E8B00B1A474 /* MTButton.swift */; };
		153156C42C81F86100B35C53 /* FriendProfileViewController.swift in Sources */ = {isa = PBXBuildFile; fileRef = 153156C32C81F86100B35C53 /* FriendProfileViewController.swift */; };
		153156C62C81F8C200B35C53 /* MTImageView.swift in Sources */ = {isa = PBXBuildFile; fileRef = 153156C52C81F8C200B35C53 /* MTImageView.swift */; };
		15394C7E2C8C2E8700C469E9 /* NetworkManager.swift in Sources */ = {isa = PBXBuildFile; fileRef = 15394C7D2C8C2E8700C469E9 /* NetworkManager.swift */; };
		155559D22C357660004AAF2F /* AppDelegate.swift in Sources */ = {isa = PBXBuildFile; fileRef = 155559D12C357660004AAF2F /* AppDelegate.swift */; };
		155559D42C357660004AAF2F /* SceneDelegate.swift in Sources */ = {isa = PBXBuildFile; fileRef = 155559D32C357660004AAF2F /* SceneDelegate.swift */; };
		155559DB2C357661004AAF2F /* Assets.xcassets in Resources */ = {isa = PBXBuildFile; fileRef = 155559DA2C357661004AAF2F /* Assets.xcassets */; };
		155559DE2C357661004AAF2F /* Base in Resources */ = {isa = PBXBuildFile; fileRef = 155559DD2C357661004AAF2F /* Base */; };
		155DF4AC2C4EAFCC00F0E740 /* PomodoroViewController.swift in Sources */ = {isa = PBXBuildFile; fileRef = 155DF4AB2C4EAFCC00F0E740 /* PomodoroViewController.swift */; };
		159009872C91E70A003FE7C2 /* sound.mp3 in Resources */ = {isa = PBXBuildFile; fileRef = 159009862C91E70A003FE7C2 /* sound.mp3 */; };
		15A38A902C453F2B00A9CA0E /* LoginViewController.swift in Sources */ = {isa = PBXBuildFile; fileRef = 155559D52C357660004AAF2F /* LoginViewController.swift */; };
		15CE6A842C50D56200459D01 /* FriendsGuideViewController.swift in Sources */ = {isa = PBXBuildFile; fileRef = 15CE6A832C50D56200459D01 /* FriendsGuideViewController.swift */; };
		15CE6A8E2C522D9E00459D01 /* FirebaseFirestore in Frameworks */ = {isa = PBXBuildFile; productRef = 15CE6A8D2C522D9E00459D01 /* FirebaseFirestore */; };
		15CE6A902C522D9E00459D01 /* FirebaseFirestoreSwift in Frameworks */ = {isa = PBXBuildFile; productRef = 15CE6A8F2C522D9E00459D01 /* FirebaseFirestoreSwift */; };
		15CE6A922C522F8E00459D01 /* MTUser.swift in Sources */ = {isa = PBXBuildFile; fileRef = 15CE6A912C522F8E00459D01 /* MTUser.swift */; };
		15CE6A942C523B6800459D01 /* PersistenceManager.swift in Sources */ = {isa = PBXBuildFile; fileRef = 15CE6A932C523B6800459D01 /* PersistenceManager.swift */; };
		15CE6A962C5255EE00459D01 /* UserProfileViewController.swift in Sources */ = {isa = PBXBuildFile; fileRef = 15CE6A952C5255EE00459D01 /* UserProfileViewController.swift */; };
		15CE6A982C52988400459D01 /* GoogleService-Info.plist in Resources */ = {isa = PBXBuildFile; fileRef = 15CE6A972C52988300459D01 /* GoogleService-Info.plist */; };
		15CE6A9A2C535DC800459D01 /* FirebaseAuth in Frameworks */ = {isa = PBXBuildFile; productRef = 15CE6A992C535DC800459D01 /* FirebaseAuth */; };
		15CE6A9C2C53820100459D01 /* AuthenticationManager.swift in Sources */ = {isa = PBXBuildFile; fileRef = 15CE6A9B2C53820100459D01 /* AuthenticationManager.swift */; };
		15CE8EF32C54E28E0007761F /* MTTextField.swift in Sources */ = {isa = PBXBuildFile; fileRef = 15CE8EF22C54E28E0007761F /* MTTextField.swift */; };
		A6BB45952C3EC65200B22ABD /* ToDoViewController.swift in Sources */ = {isa = PBXBuildFile; fileRef = A6BB45942C3EC65200B22ABD /* ToDoViewController.swift */; };
		A6BB45972C3EC66600B22ABD /* FriendsViewController.swift in Sources */ = {isa = PBXBuildFile; fileRef = A6BB45962C3EC66600B22ABD /* FriendsViewController.swift */; };
		A6BB45992C3EC67D00B22ABD /* ProfileViewController.swift in Sources */ = {isa = PBXBuildFile; fileRef = A6BB45982C3EC67D00B22ABD /* ProfileViewController.swift */; };
		A6BB459B2C3EC6E400B22ABD /* MainTabBarController.swift in Sources */ = {isa = PBXBuildFile; fileRef = A6BB459A2C3EC6E400B22ABD /* MainTabBarController.swift */; };
/* End PBXBuildFile section */

/* Begin PBXFileReference section */
		150DD5BE2C550C8E003442A7 /* SignUpViewController.swift */ = {isa = PBXFileReference; lastKnownFileType = sourcecode.swift; path = SignUpViewController.swift; sourceTree = "<group>"; };
		15188E672C708933002EB21A /* FriendSearchViewController.swift */ = {isa = PBXFileReference; lastKnownFileType = sourcecode.swift; path = FriendSearchViewController.swift; sourceTree = "<group>"; };
		15289FD62C569E8B00B1A474 /* MTButton.swift */ = {isa = PBXFileReference; lastKnownFileType = sourcecode.swift; path = MTButton.swift; sourceTree = "<group>"; };
		153156C32C81F86100B35C53 /* FriendProfileViewController.swift */ = {isa = PBXFileReference; lastKnownFileType = sourcecode.swift; path = FriendProfileViewController.swift; sourceTree = "<group>"; };
		153156C52C81F8C200B35C53 /* MTImageView.swift */ = {isa = PBXFileReference; lastKnownFileType = sourcecode.swift; path = MTImageView.swift; sourceTree = "<group>"; };
		15394C7D2C8C2E8700C469E9 /* NetworkManager.swift */ = {isa = PBXFileReference; lastKnownFileType = sourcecode.swift; path = NetworkManager.swift; sourceTree = "<group>"; };
		155559CE2C357660004AAF2F /* MultiTask Tracker.app */ = {isa = PBXFileReference; explicitFileType = wrapper.application; includeInIndex = 0; path = "MultiTask Tracker.app"; sourceTree = BUILT_PRODUCTS_DIR; };
		155559D12C357660004AAF2F /* AppDelegate.swift */ = {isa = PBXFileReference; lastKnownFileType = sourcecode.swift; path = AppDelegate.swift; sourceTree = "<group>"; };
		155559D32C357660004AAF2F /* SceneDelegate.swift */ = {isa = PBXFileReference; lastKnownFileType = sourcecode.swift; path = SceneDelegate.swift; sourceTree = "<group>"; };
		155559D52C357660004AAF2F /* LoginViewController.swift */ = {isa = PBXFileReference; lastKnownFileType = sourcecode.swift; path = LoginViewController.swift; sourceTree = "<group>"; };
		155559DA2C357661004AAF2F /* Assets.xcassets */ = {isa = PBXFileReference; lastKnownFileType = folder.assetcatalog; path = Assets.xcassets; sourceTree = "<group>"; };
		155559DD2C357661004AAF2F /* Base */ = {isa = PBXFileReference; lastKnownFileType = file.storyboard; name = Base; path = Base.lproj/LaunchScreen.storyboard; sourceTree = "<group>"; };
		155559DF2C357661004AAF2F /* Info.plist */ = {isa = PBXFileReference; lastKnownFileType = text.plist.xml; path = Info.plist; sourceTree = "<group>"; };
		155DF4AB2C4EAFCC00F0E740 /* PomodoroViewController.swift */ = {isa = PBXFileReference; lastKnownFileType = sourcecode.swift; path = PomodoroViewController.swift; sourceTree = "<group>"; };
		159009862C91E70A003FE7C2 /* sound.mp3 */ = {isa = PBXFileReference; lastKnownFileType = audio.mp3; path = sound.mp3; sourceTree = "<group>"; };
		15CE6A832C50D56200459D01 /* FriendsGuideViewController.swift */ = {isa = PBXFileReference; lastKnownFileType = sourcecode.swift; path = FriendsGuideViewController.swift; sourceTree = "<group>"; };
		15CE6A912C522F8E00459D01 /* MTUser.swift */ = {isa = PBXFileReference; lastKnownFileType = sourcecode.swift; path = MTUser.swift; sourceTree = "<group>"; };
		15CE6A932C523B6800459D01 /* PersistenceManager.swift */ = {isa = PBXFileReference; lastKnownFileType = sourcecode.swift; path = PersistenceManager.swift; sourceTree = "<group>"; };
		15CE6A952C5255EE00459D01 /* UserProfileViewController.swift */ = {isa = PBXFileReference; lastKnownFileType = sourcecode.swift; path = UserProfileViewController.swift; sourceTree = "<group>"; };
		15CE6A972C52988300459D01 /* GoogleService-Info.plist */ = {isa = PBXFileReference; fileEncoding = 4; lastKnownFileType = text.plist.xml; path = "GoogleService-Info.plist"; sourceTree = "<group>"; };
		15CE6A9B2C53820100459D01 /* AuthenticationManager.swift */ = {isa = PBXFileReference; lastKnownFileType = sourcecode.swift; path = AuthenticationManager.swift; sourceTree = "<group>"; };
		15CE8EF22C54E28E0007761F /* MTTextField.swift */ = {isa = PBXFileReference; lastKnownFileType = sourcecode.swift; path = MTTextField.swift; sourceTree = "<group>"; };
		A6BB45942C3EC65200B22ABD /* ToDoViewController.swift */ = {isa = PBXFileReference; lastKnownFileType = sourcecode.swift; path = ToDoViewController.swift; sourceTree = "<group>"; };
		A6BB45962C3EC66600B22ABD /* FriendsViewController.swift */ = {isa = PBXFileReference; lastKnownFileType = sourcecode.swift; path = FriendsViewController.swift; sourceTree = "<group>"; };
		A6BB45982C3EC67D00B22ABD /* ProfileViewController.swift */ = {isa = PBXFileReference; lastKnownFileType = sourcecode.swift; path = ProfileViewController.swift; sourceTree = "<group>"; };
		A6BB459A2C3EC6E400B22ABD /* MainTabBarController.swift */ = {isa = PBXFileReference; lastKnownFileType = sourcecode.swift; path = MainTabBarController.swift; sourceTree = "<group>"; };
/* End PBXFileReference section */

/* Begin PBXFrameworksBuildPhase section */
		155559CB2C357660004AAF2F /* Frameworks */ = {
			isa = PBXFrameworksBuildPhase;
			buildActionMask = 2147483647;
			files = (
				15CE6A8E2C522D9E00459D01 /* FirebaseFirestore in Frameworks */,
				15CE6A9A2C535DC800459D01 /* FirebaseAuth in Frameworks */,
				15CE6A902C522D9E00459D01 /* FirebaseFirestoreSwift in Frameworks */,
			);
			runOnlyForDeploymentPostprocessing = 0;
		};
/* End PBXFrameworksBuildPhase section */

/* Begin PBXGroup section */
		15289FDA2C57E2F200B1A474 /* Screens */ = {
			isa = PBXGroup;
			children = (
				155559D52C357660004AAF2F /* LoginViewController.swift */,
				150DD5BE2C550C8E003442A7 /* SignUpViewController.swift */,
				A6BB45942C3EC65200B22ABD /* ToDoViewController.swift */,
				A6BB45962C3EC66600B22ABD /* FriendsViewController.swift */,
				A6BB45982C3EC67D00B22ABD /* ProfileViewController.swift */,
				15188E672C708933002EB21A /* FriendSearchViewController.swift */,
				155DF4AB2C4EAFCC00F0E740 /* PomodoroViewController.swift */,
			);
			path = Screens;
			sourceTree = "<group>";
		};
		15289FDB2C57E31000B1A474 /* Custom Views */ = {
			isa = PBXGroup;
			children = (
				15CE8EF22C54E28E0007761F /* MTTextField.swift */,
				15289FD62C569E8B00B1A474 /* MTButton.swift */,
			);
			path = "Custom Views";
			sourceTree = "<group>";
		};
		155559C52C357660004AAF2F = {
			isa = PBXGroup;
			children = (
				155559D02C357660004AAF2F /* MultiTask Tracker */,
				155559CF2C357660004AAF2F /* Products */,
				15CE6A8A2C510DA200459D01 /* Frameworks */,
			);
			sourceTree = "<group>";
		};
		155559CF2C357660004AAF2F /* Products */ = {
			isa = PBXGroup;
			children = (
				155559CE2C357660004AAF2F /* MultiTask Tracker.app */,
			);
			name = Products;
			sourceTree = "<group>";
		};
		155559D02C357660004AAF2F /* MultiTask Tracker */ = {
			isa = PBXGroup;
			children = (
				155559D12C357660004AAF2F /* AppDelegate.swift */,
				155559D32C357660004AAF2F /* SceneDelegate.swift */,
				A6BB459A2C3EC6E400B22ABD /* MainTabBarController.swift */,
				15289FDA2C57E2F200B1A474 /* Screens */,
				15CE6A832C50D56200459D01 /* FriendsGuideViewController.swift */,
				15CE6A952C5255EE00459D01 /* UserProfileViewController.swift */,
				15CE6A912C522F8E00459D01 /* MTUser.swift */,
				153156C32C81F86100B35C53 /* FriendProfileViewController.swift */,
				153156C52C81F8C200B35C53 /* MTImageView.swift */,
				15289FDB2C57E31000B1A474 /* Custom Views */,
				15CE8EF12C54E1D10007761F /* Managers */,
				159009852C91D7D4003FE7C2 /* Resources */,
				155559DA2C357661004AAF2F /* Assets.xcassets */,
				155559DC2C357661004AAF2F /* LaunchScreen.storyboard */,
				155559DF2C357661004AAF2F /* Info.plist */,
				15CE6A972C52988300459D01 /* GoogleService-Info.plist */,
			);
			path = "MultiTask Tracker";
			sourceTree = "<group>";
		};
		159009852C91D7D4003FE7C2 /* Resources */ = {
			isa = PBXGroup;
			children = (
				159009862C91E70A003FE7C2 /* sound.mp3 */,
			);
			path = Resources;
			sourceTree = "<group>";
		};
		15CE6A8A2C510DA200459D01 /* Frameworks */ = {
			isa = PBXGroup;
			children = (
			);
			name = Frameworks;
			sourceTree = "<group>";
		};
		15CE8EF12C54E1D10007761F /* Managers */ = {
			isa = PBXGroup;
			children = (
				15CE6A932C523B6800459D01 /* PersistenceManager.swift */,
				15CE6A9B2C53820100459D01 /* AuthenticationManager.swift */,
				15394C7D2C8C2E8700C469E9 /* NetworkManager.swift */,
			);
			path = Managers;
			sourceTree = "<group>";
		};
/* End PBXGroup section */

/* Begin PBXNativeTarget section */
		155559CD2C357660004AAF2F /* MultiTask Tracker */ = {
			isa = PBXNativeTarget;
			buildConfigurationList = 155559E22C357661004AAF2F /* Build configuration list for PBXNativeTarget "MultiTask Tracker" */;
			buildPhases = (
				155559CA2C357660004AAF2F /* Sources */,
				155559CB2C357660004AAF2F /* Frameworks */,
				155559CC2C357660004AAF2F /* Resources */,
			);
			buildRules = (
			);
			dependencies = (
			);
			name = "MultiTask Tracker";
			packageProductDependencies = (
				15CE6A8D2C522D9E00459D01 /* FirebaseFirestore */,
				15CE6A8F2C522D9E00459D01 /* FirebaseFirestoreSwift */,
				15CE6A992C535DC800459D01 /* FirebaseAuth */,
			);
			productName = "MultiTask Tracker";
			productReference = 155559CE2C357660004AAF2F /* MultiTask Tracker.app */;
			productType = "com.apple.product-type.application";
		};
/* End PBXNativeTarget section */

/* Begin PBXProject section */
		155559C62C357660004AAF2F /* Project object */ = {
			isa = PBXProject;
			attributes = {
				BuildIndependentTargetsInParallel = 1;
				LastSwiftUpdateCheck = 1540;
				LastUpgradeCheck = 1540;
				TargetAttributes = {
					155559CD2C357660004AAF2F = {
						CreatedOnToolsVersion = 15.4;
					};
				};
			};
			buildConfigurationList = 155559C92C357660004AAF2F /* Build configuration list for PBXProject "MultiTask Tracker" */;
			compatibilityVersion = "Xcode 14.0";
			developmentRegion = en;
			hasScannedForEncodings = 0;
			knownRegions = (
				en,
				Base,
			);
			mainGroup = 155559C52C357660004AAF2F;
			packageReferences = (
				15CE6A892C51084600459D01 /* XCRemoteSwiftPackageReference "firebase-ios-sdk" */,
			);
			productRefGroup = 155559CF2C357660004AAF2F /* Products */;
			projectDirPath = "";
			projectRoot = "";
			targets = (
				155559CD2C357660004AAF2F /* MultiTask Tracker */,
			);
		};
/* End PBXProject section */

/* Begin PBXResourcesBuildPhase section */
		155559CC2C357660004AAF2F /* Resources */ = {
			isa = PBXResourcesBuildPhase;
			buildActionMask = 2147483647;
			files = (
				159009872C91E70A003FE7C2 /* sound.mp3 in Resources */,
				155559DB2C357661004AAF2F /* Assets.xcassets in Resources */,
				155559DE2C357661004AAF2F /* Base in Resources */,
				15CE6A982C52988400459D01 /* GoogleService-Info.plist in Resources */,
			);
			runOnlyForDeploymentPostprocessing = 0;
		};
/* End PBXResourcesBuildPhase section */

/* Begin PBXSourcesBuildPhase section */
		155559CA2C357660004AAF2F /* Sources */ = {
			isa = PBXSourcesBuildPhase;
			buildActionMask = 2147483647;
			files = (
				15A38A902C453F2B00A9CA0E /* LoginViewController.swift in Sources */,
				15CE6A962C5255EE00459D01 /* UserProfileViewController.swift in Sources */,
				155559D22C357660004AAF2F /* AppDelegate.swift in Sources */,
				15CE6A842C50D56200459D01 /* FriendsGuideViewController.swift in Sources */,
				153156C62C81F8C200B35C53 /* MTImageView.swift in Sources */,
				A6BB459B2C3EC6E400B22ABD /* MainTabBarController.swift in Sources */,
				A6BB45992C3EC67D00B22ABD /* ProfileViewController.swift in Sources */,
				15289FD72C569E8B00B1A474 /* MTButton.swift in Sources */,
				155559D42C357660004AAF2F /* SceneDelegate.swift in Sources */,
				15CE6A9C2C53820100459D01 /* AuthenticationManager.swift in Sources */,
				155DF4AC2C4EAFCC00F0E740 /* PomodoroViewController.swift in Sources */,
				150DD5BF2C550C8E003442A7 /* SignUpViewController.swift in Sources */,
				15394C7E2C8C2E8700C469E9 /* NetworkManager.swift in Sources */,
				A6BB45972C3EC66600B22ABD /* FriendsViewController.swift in Sources */,
				153156C42C81F86100B35C53 /* FriendProfileViewController.swift in Sources */,
				15CE6A922C522F8E00459D01 /* MTUser.swift in Sources */,
				15CE6A942C523B6800459D01 /* PersistenceManager.swift in Sources */,
				15188E682C708933002EB21A /* FriendSearchViewController.swift in Sources */,
				15CE8EF32C54E28E0007761F /* MTTextField.swift in Sources */,
				A6BB45952C3EC65200B22ABD /* ToDoViewController.swift in Sources */,
			);
			runOnlyForDeploymentPostprocessing = 0;
		};
/* End PBXSourcesBuildPhase section */

/* Begin PBXVariantGroup section */
		155559DC2C357661004AAF2F /* LaunchScreen.storyboard */ = {
			isa = PBXVariantGroup;
			children = (
				155559DD2C357661004AAF2F /* Base */,
			);
			name = LaunchScreen.storyboard;
			sourceTree = "<group>";
		};
/* End PBXVariantGroup section */

/* Begin XCBuildConfiguration section */
		155559E02C357661004AAF2F /* Debug */ = {
			isa = XCBuildConfiguration;
			buildSettings = {
				ALWAYS_SEARCH_USER_PATHS = NO;
				ASSETCATALOG_COMPILER_GENERATE_SWIFT_ASSET_SYMBOL_EXTENSIONS = YES;
				CLANG_ANALYZER_NONNULL = YES;
				CLANG_ANALYZER_NUMBER_OBJECT_CONVERSION = YES_AGGRESSIVE;
				CLANG_CXX_LANGUAGE_STANDARD = "gnu++20";
				CLANG_ENABLE_MODULES = YES;
				CLANG_ENABLE_OBJC_ARC = YES;
				CLANG_ENABLE_OBJC_WEAK = YES;
				CLANG_WARN_BLOCK_CAPTURE_AUTORELEASING = YES;
				CLANG_WARN_BOOL_CONVERSION = YES;
				CLANG_WARN_COMMA = YES;
				CLANG_WARN_CONSTANT_CONVERSION = YES;
				CLANG_WARN_DEPRECATED_OBJC_IMPLEMENTATIONS = YES;
				CLANG_WARN_DIRECT_OBJC_ISA_USAGE = YES_ERROR;
				CLANG_WARN_DOCUMENTATION_COMMENTS = YES;
				CLANG_WARN_EMPTY_BODY = YES;
				CLANG_WARN_ENUM_CONVERSION = YES;
				CLANG_WARN_INFINITE_RECURSION = YES;
				CLANG_WARN_INT_CONVERSION = YES;
				CLANG_WARN_NON_LITERAL_NULL_CONVERSION = YES;
				CLANG_WARN_OBJC_IMPLICIT_RETAIN_SELF = YES;
				CLANG_WARN_OBJC_LITERAL_CONVERSION = YES;
				CLANG_WARN_OBJC_ROOT_CLASS = YES_ERROR;
				CLANG_WARN_QUOTED_INCLUDE_IN_FRAMEWORK_HEADER = YES;
				CLANG_WARN_RANGE_LOOP_ANALYSIS = YES;
				CLANG_WARN_STRICT_PROTOTYPES = YES;
				CLANG_WARN_SUSPICIOUS_MOVE = YES;
				CLANG_WARN_UNGUARDED_AVAILABILITY = YES_AGGRESSIVE;
				CLANG_WARN_UNREACHABLE_CODE = YES;
				CLANG_WARN__DUPLICATE_METHOD_MATCH = YES;
				COPY_PHASE_STRIP = NO;
				DEBUG_INFORMATION_FORMAT = dwarf;
				ENABLE_STRICT_OBJC_MSGSEND = YES;
				ENABLE_TESTABILITY = YES;
				ENABLE_USER_SCRIPT_SANDBOXING = YES;
				GCC_C_LANGUAGE_STANDARD = gnu17;
				GCC_DYNAMIC_NO_PIC = NO;
				GCC_NO_COMMON_BLOCKS = YES;
				GCC_OPTIMIZATION_LEVEL = 0;
				GCC_PREPROCESSOR_DEFINITIONS = (
					"DEBUG=1",
					"$(inherited)",
				);
				GCC_WARN_64_TO_32_BIT_CONVERSION = YES;
				GCC_WARN_ABOUT_RETURN_TYPE = YES_ERROR;
				GCC_WARN_UNDECLARED_SELECTOR = YES;
				GCC_WARN_UNINITIALIZED_AUTOS = YES_AGGRESSIVE;
				GCC_WARN_UNUSED_FUNCTION = YES;
				GCC_WARN_UNUSED_VARIABLE = YES;
				IPHONEOS_DEPLOYMENT_TARGET = 17.0;
				LOCALIZATION_PREFERS_STRING_CATALOGS = YES;
				MTL_ENABLE_DEBUG_INFO = INCLUDE_SOURCE;
				MTL_FAST_MATH = YES;
				ONLY_ACTIVE_ARCH = YES;
				SDKROOT = iphoneos;
				SWIFT_ACTIVE_COMPILATION_CONDITIONS = "DEBUG $(inherited)";
				SWIFT_OPTIMIZATION_LEVEL = "-Onone";
			};
			name = Debug;
		};
		155559E12C357661004AAF2F /* Release */ = {
			isa = XCBuildConfiguration;
			buildSettings = {
				ALWAYS_SEARCH_USER_PATHS = NO;
				ASSETCATALOG_COMPILER_GENERATE_SWIFT_ASSET_SYMBOL_EXTENSIONS = YES;
				CLANG_ANALYZER_NONNULL = YES;
				CLANG_ANALYZER_NUMBER_OBJECT_CONVERSION = YES_AGGRESSIVE;
				CLANG_CXX_LANGUAGE_STANDARD = "gnu++20";
				CLANG_ENABLE_MODULES = YES;
				CLANG_ENABLE_OBJC_ARC = YES;
				CLANG_ENABLE_OBJC_WEAK = YES;
				CLANG_WARN_BLOCK_CAPTURE_AUTORELEASING = YES;
				CLANG_WARN_BOOL_CONVERSION = YES;
				CLANG_WARN_COMMA = YES;
				CLANG_WARN_CONSTANT_CONVERSION = YES;
				CLANG_WARN_DEPRECATED_OBJC_IMPLEMENTATIONS = YES;
				CLANG_WARN_DIRECT_OBJC_ISA_USAGE = YES_ERROR;
				CLANG_WARN_DOCUMENTATION_COMMENTS = YES;
				CLANG_WARN_EMPTY_BODY = YES;
				CLANG_WARN_ENUM_CONVERSION = YES;
				CLANG_WARN_INFINITE_RECURSION = YES;
				CLANG_WARN_INT_CONVERSION = YES;
				CLANG_WARN_NON_LITERAL_NULL_CONVERSION = YES;
				CLANG_WARN_OBJC_IMPLICIT_RETAIN_SELF = YES;
				CLANG_WARN_OBJC_LITERAL_CONVERSION = YES;
				CLANG_WARN_OBJC_ROOT_CLASS = YES_ERROR;
				CLANG_WARN_QUOTED_INCLUDE_IN_FRAMEWORK_HEADER = YES;
				CLANG_WARN_RANGE_LOOP_ANALYSIS = YES;
				CLANG_WARN_STRICT_PROTOTYPES = YES;
				CLANG_WARN_SUSPICIOUS_MOVE = YES;
				CLANG_WARN_UNGUARDED_AVAILABILITY = YES_AGGRESSIVE;
				CLANG_WARN_UNREACHABLE_CODE = YES;
				CLANG_WARN__DUPLICATE_METHOD_MATCH = YES;
				COPY_PHASE_STRIP = NO;
				DEBUG_INFORMATION_FORMAT = "dwarf-with-dsym";
				ENABLE_NS_ASSERTIONS = NO;
				ENABLE_STRICT_OBJC_MSGSEND = YES;
				ENABLE_USER_SCRIPT_SANDBOXING = YES;
				GCC_C_LANGUAGE_STANDARD = gnu17;
				GCC_NO_COMMON_BLOCKS = YES;
				GCC_WARN_64_TO_32_BIT_CONVERSION = YES;
				GCC_WARN_ABOUT_RETURN_TYPE = YES_ERROR;
				GCC_WARN_UNDECLARED_SELECTOR = YES;
				GCC_WARN_UNINITIALIZED_AUTOS = YES_AGGRESSIVE;
				GCC_WARN_UNUSED_FUNCTION = YES;
				GCC_WARN_UNUSED_VARIABLE = YES;
				IPHONEOS_DEPLOYMENT_TARGET = 17.0;
				LOCALIZATION_PREFERS_STRING_CATALOGS = YES;
				MTL_ENABLE_DEBUG_INFO = NO;
				MTL_FAST_MATH = YES;
				SDKROOT = iphoneos;
				SWIFT_COMPILATION_MODE = wholemodule;
				VALIDATE_PRODUCT = YES;
			};
			name = Release;
		};
		155559E32C357661004AAF2F /* Debug */ = {
			isa = XCBuildConfiguration;
			buildSettings = {
				ASSETCATALOG_COMPILER_APPICON_NAME = AppIcon;
				ASSETCATALOG_COMPILER_GLOBAL_ACCENT_COLOR_NAME = AccentColor;
				CODE_SIGN_STYLE = Automatic;
				CURRENT_PROJECT_VERSION = 1;
				DEVELOPMENT_TEAM = RGP23Q62BT;
				GENERATE_INFOPLIST_FILE = YES;
				INFOPLIST_FILE = "MultiTask Tracker/Info.plist";
				INFOPLIST_KEY_UIApplicationSupportsIndirectInputEvents = YES;
				INFOPLIST_KEY_UILaunchStoryboardName = LaunchScreen;
				INFOPLIST_KEY_UIStatusBarStyle = "";
				INFOPLIST_KEY_UISupportedInterfaceOrientations = UIInterfaceOrientationPortrait;
				INFOPLIST_KEY_UISupportedInterfaceOrientations_iPad = "UIInterfaceOrientationLandscapeLeft UIInterfaceOrientationLandscapeRight UIInterfaceOrientationPortrait UIInterfaceOrientationPortraitUpsideDown";
				LD_RUNPATH_SEARCH_PATHS = (
					"$(inherited)",
					"@executable_path/Frameworks",
				);
				MARKETING_VERSION = 1.0;
				PRODUCT_BUNDLE_IDENTIFIER = "MultiTask-Tracker";
				PRODUCT_NAME = "$(TARGET_NAME)";
				SUPPORTED_PLATFORMS = "iphoneos iphonesimulator";
				SUPPORTS_MACCATALYST = NO;
				SUPPORTS_MAC_DESIGNED_FOR_IPHONE_IPAD = NO;
				SUPPORTS_XR_DESIGNED_FOR_IPHONE_IPAD = NO;
				SWIFT_EMIT_LOC_STRINGS = YES;
				SWIFT_VERSION = 5.0;
				TARGETED_DEVICE_FAMILY = 1;
			};
			name = Debug;
		};
		155559E42C357661004AAF2F /* Release */ = {
			isa = XCBuildConfiguration;
			buildSettings = {
				ASSETCATALOG_COMPILER_APPICON_NAME = AppIcon;
				ASSETCATALOG_COMPILER_GLOBAL_ACCENT_COLOR_NAME = AccentColor;
				CODE_SIGN_STYLE = Automatic;
				CURRENT_PROJECT_VERSION = 1;
				DEVELOPMENT_TEAM = RGP23Q62BT;
				GENERATE_INFOPLIST_FILE = YES;
				INFOPLIST_FILE = "MultiTask Tracker/Info.plist";
				INFOPLIST_KEY_UIApplicationSupportsIndirectInputEvents = YES;
				INFOPLIST_KEY_UILaunchStoryboardName = LaunchScreen;
				INFOPLIST_KEY_UIStatusBarStyle = "";
				INFOPLIST_KEY_UISupportedInterfaceOrientations = UIInterfaceOrientationPortrait;
				INFOPLIST_KEY_UISupportedInterfaceOrientations_iPad = "UIInterfaceOrientationLandscapeLeft UIInterfaceOrientationLandscapeRight UIInterfaceOrientationPortrait UIInterfaceOrientationPortraitUpsideDown";
				LD_RUNPATH_SEARCH_PATHS = (
					"$(inherited)",
					"@executable_path/Frameworks",
				);
				MARKETING_VERSION = 1.0;
				PRODUCT_BUNDLE_IDENTIFIER = "MultiTask-Tracker";
				PRODUCT_NAME = "$(TARGET_NAME)";
				SUPPORTED_PLATFORMS = "iphoneos iphonesimulator";
				SUPPORTS_MACCATALYST = NO;
				SUPPORTS_MAC_DESIGNED_FOR_IPHONE_IPAD = NO;
				SUPPORTS_XR_DESIGNED_FOR_IPHONE_IPAD = NO;
				SWIFT_EMIT_LOC_STRINGS = YES;
				SWIFT_VERSION = 5.0;
				TARGETED_DEVICE_FAMILY = 1;
			};
			name = Release;
		};
/* End XCBuildConfiguration section */

/* Begin XCConfigurationList section */
		155559C92C357660004AAF2F /* Build configuration list for PBXProject "MultiTask Tracker" */ = {
			isa = XCConfigurationList;
			buildConfigurations = (
				155559E02C357661004AAF2F /* Debug */,
				155559E12C357661004AAF2F /* Release */,
			);
			defaultConfigurationIsVisible = 0;
			defaultConfigurationName = Release;
		};
		155559E22C357661004AAF2F /* Build configuration list for PBXNativeTarget "MultiTask Tracker" */ = {
			isa = XCConfigurationList;
			buildConfigurations = (
				155559E32C357661004AAF2F /* Debug */,
				155559E42C357661004AAF2F /* Release */,
			);
			defaultConfigurationIsVisible = 0;
			defaultConfigurationName = Release;
		};
/* End XCConfigurationList section */

/* Begin XCRemoteSwiftPackageReference section */
		15CE6A892C51084600459D01 /* XCRemoteSwiftPackageReference "firebase-ios-sdk" */ = {
			isa = XCRemoteSwiftPackageReference;
			repositoryURL = "https://github.com/firebase/firebase-ios-sdk";
			requirement = {
				kind = upToNextMajorVersion;
				minimumVersion = 10.29.0;
			};
		};
/* End XCRemoteSwiftPackageReference section */

/* Begin XCSwiftPackageProductDependency section */
		15CE6A8D2C522D9E00459D01 /* FirebaseFirestore */ = {
			isa = XCSwiftPackageProductDependency;
			package = 15CE6A892C51084600459D01 /* XCRemoteSwiftPackageReference "firebase-ios-sdk" */;
			productName = FirebaseFirestore;
		};
		15CE6A8F2C522D9E00459D01 /* FirebaseFirestoreSwift */ = {
			isa = XCSwiftPackageProductDependency;
			package = 15CE6A892C51084600459D01 /* XCRemoteSwiftPackageReference "firebase-ios-sdk" */;
			productName = FirebaseFirestoreSwift;
		};
		15CE6A992C535DC800459D01 /* FirebaseAuth */ = {
			isa = XCSwiftPackageProductDependency;
			package = 15CE6A892C51084600459D01 /* XCRemoteSwiftPackageReference "firebase-ios-sdk" */;
			productName = FirebaseAuth;
		};
/* End XCSwiftPackageProductDependency section */
	};
	rootObject = 155559C62C357660004AAF2F /* Project object */;
}
